<?xml version="1.0" encoding="utf-8"?>
<Project ToolsVersion="4.0" xmlns="http://schemas.microsoft.com/developer/msbuild/2003">
  <ItemGroup>
    <Filter Include="來源檔案">
      <UniqueIdentifier>{4FC737F1-C7A5-4376-A066-2A32D752A2FF}</UniqueIdentifier>
      <Extensions>cpp;c;cc;cxx;c++;cppm;ixx;def;odl;idl;hpj;bat;asm;asmx</Extensions>
    </Filter>
    <Filter Include="標頭檔">
      <UniqueIdentifier>{93995380-89BD-4b04-88EB-625FBE52EBFB}</UniqueIdentifier>
      <Extensions>h;hh;hpp;hxx;h++;hm;inl;inc;ipp;xsd</Extensions>
    </Filter>
    <Filter Include="資源檔">
      <UniqueIdentifier>{67DA6AB6-F800-4c08-8B7A-83BB121AAD01}</UniqueIdentifier>
      <Extensions>rc;ico;cur;bmp;dlg;rc2;rct;bin;rgs;gif;jpg;jpeg;jpe;resx;tiff;tif;png;wav;mfcribbon-ms</Extensions>
    </Filter>
  </ItemGroup>
  <ItemGroup>
    <ClCompile Include="LeetCode_C++.cpp">
      <Filter>來源檔案</Filter>
    </ClCompile>
    <ClCompile Include="Q1_TwoSum.cpp">
      <Filter>來源檔案</Filter>
    </ClCompile>
    <ClCompile Include="Q2_AddTwoNumbers.cpp">
      <Filter>來源檔案</Filter>
    </ClCompile>
    <ClCompile Include="Q24_SwapNodesInPairs.cpp">
      <Filter>來源檔案</Filter>
    </ClCompile>
    <ClCompile Include="Q45_JumpGameTwo.cpp">
      <Filter>來源檔案</Filter>
    </ClCompile>
    <ClCompile Include="Q101_SymmetricTree.cpp">
      <Filter>來源檔案</Filter>
    </ClCompile>
    <ClCompile Include="Q102_BinaryTreeLevelOrderTraversal.cpp">
      <Filter>來源檔案</Filter>
    </ClCompile>
    <ClCompile Include="Q100_SameTree.cpp">
      <Filter>來源檔案</Filter>
    </ClCompile>
    <ClCompile Include="Q51_NQueens.cpp">
      <Filter>來源檔案</Filter>
    </ClCompile>
    <ClCompile Include="Q52_NQueensTwo.cpp">
      <Filter>來源檔案</Filter>
    </ClCompile>
    <ClCompile Include="Q103_BinaryTreeZigzagLevelOrderTraversal.cpp">
      <Filter>來源檔案</Filter>
    </ClCompile>
    <ClCompile Include="Q107_BinaryTreeLevelOrderTraversalTwo.cpp">
      <Filter>來源檔案</Filter>
    </ClCompile>
    <ClCompile Include="Q116_PopulatingNextRightPointersInEachNode.cpp">
      <Filter>來源檔案</Filter>
    </ClCompile>
    <ClCompile Include="Q117_PopulatingNextRightPointersInEachNodeTwo.cpp">
      <Filter>來源檔案</Filter>
    </ClCompile>
  </ItemGroup>
  <ItemGroup>
    <ClInclude Include="Q1_TwoSum.h">
      <Filter>標頭檔</Filter>
    </ClInclude>
    <ClInclude Include="Q2_AddTwoNumbers.h">
      <Filter>標頭檔</Filter>
    </ClInclude>
    <ClInclude Include="ListNode.h">
      <Filter>標頭檔</Filter>
    </ClInclude>
    <ClInclude Include="Q24_SwapNodesInPairs.h">
      <Filter>標頭檔</Filter>
    </ClInclude>
    <ClInclude Include="Q45_JumpGameTwo.h">
      <Filter>標頭檔</Filter>
    </ClInclude>
    <ClInclude Include="Q101_SymmetricTree.h">
      <Filter>標頭檔</Filter>
    </ClInclude>
    <ClInclude Include="TreeNode.h">
      <Filter>標頭檔</Filter>
    </ClInclude>
    <ClInclude Include="Q102_BinaryTreeLevelOrderTraversal.h">
      <Filter>標頭檔</Filter>
    </ClInclude>
    <ClInclude Include="Q100_SameTree.h">
      <Filter>標頭檔</Filter>
    </ClInclude>
    <ClInclude Include="Q51_NQueens.h">
      <Filter>標頭檔</Filter>
    </ClInclude>
    <ClInclude Include="Q52_NQueensTwo.h">
      <Filter>標頭檔</Filter>
    </ClInclude>
    <ClInclude Include="Q103_BinaryTreeZigzagLevelOrderTraversal.h">
      <Filter>標頭檔</Filter>
    </ClInclude>
    <ClInclude Include="Q107_BinaryTreeLevelOrderTraversalTwo.h">
      <Filter>標頭檔</Filter>
    </ClInclude>
    <ClInclude Include="Q116_PopulatingNextRightPointersInEachNode.h">
      <Filter>標頭檔</Filter>
    </ClInclude>
    <ClInclude Include="Node.h">
      <Filter>標頭檔</Filter>
    </ClInclude>
    <ClInclude Include="Q117_PopulatingNextRightPointersInEachNodeTwo.h">
      <Filter>標頭檔</Filter>
    </ClInclude>
  </ItemGroup>
</Project>